
Microsoft Visual Studio Solution File, Format Version 12.00
# Visual Studio Version 17
VisualStudioVersion = 17.5.002.0
MinimumVisualStudioVersion = 10.0.40219.1
Project("{9A19103F-16F7-4668-BE54-9A1E7A4F7556}") = "Worker", "worker\Worker.csproj", "{65D30CC1-E79B-488B-B63C-F787D5B879ED}"
EndProject
Global
	GlobalSection(SolutionConfigurationPlatforms) = preSolution
		Debug|Any CPU = Debug|Any CPU
		Release|Any CPU = Release|Any CPU
	EndGlobalSection
	GlobalSection(ProjectConfigurationPlatforms) = postSolution
		{65D30CC1-E79B-488B-B63C-F787D5B879ED}.Debug|Any CPU.ActiveCfg = Debug|Any CPU
		{65D30CC1-E79B-488B-B63C-F787D5B879ED}.Debug|Any CPU.Build.0 = Debug|Any CPU
		{65D30CC1-E79B-488B-B63C-F787D5B879ED}.Release|Any CPU.ActiveCfg = Release|Any CPU
		{65D30CC1-E79B-488B-B63C-F787D5B879ED}.Release|Any CPU.Build.0 = Release|Any CPU
	EndGlobalSection
	GlobalSection(SolutionProperties) = preSolution
		HideSolutionNode = FALSE
	EndGlobalSection
	GlobalSection(ExtensibilityGlobals) = postSolution
		SolutionGuid = {1550DFEB-B867-4FCE-9487-1AF119C7AF57}
	EndGlobalSection
EndGlobal
